{
    "version": 3,
    "terraform_version": "0.10.6",
    "serial": 6,
    "lineage": "e545be90-907e-408e-95da-2d4908b4c5bb",
    "modules": [
        {
            "path": [
                "root"
            ],
            "outputs": {},
            "resources": {
                "aws_lambda_alias.poc_alias": {
                    "type": "aws_lambda_alias",
                    "depends_on": [
                        "aws_lambda_function.poc"
                    ],
                    "primary": {
                        "id": "arn:aws:lambda:us-west-2:118000709326:function:HelloWorldAliasPOC:stable",
                        "attributes": {
                            "arn": "arn:aws:lambda:us-west-2:118000709326:function:HelloWorldAliasPOC:stable",
                            "description": "Stable Alias",
                            "function_name": "arn:aws:lambda:us-west-2:118000709326:function:HelloWorldAliasPOC",
                            "function_version": "2",
                            "id": "arn:aws:lambda:us-west-2:118000709326:function:HelloWorldAliasPOC:stable",
                            "name": "stable"
                        },
                        "meta": {},
                        "tainted": false
                    },
                    "deposed": [],
                    "provider": ""
                },
                "aws_lambda_function.poc": {
                    "type": "aws_lambda_function",
                    "depends_on": [],
                    "primary": {
                        "id": "HelloWorldAliasPOC",
                        "attributes": {
                            "arn": "arn:aws:lambda:us-west-2:118000709326:function:HelloWorldAliasPOC",
                            "dead_letter_config.#": "0",
                            "description": "Hello World Test",
                            "environment.#": "0",
                            "filename": "helloworldapp.zip",
                            "function_name": "HelloWorldAliasPOC",
                            "handler": "index.HelloWorld",
                            "id": "HelloWorldAliasPOC",
                            "invoke_arn": "arn:aws:apigateway:us-west-2:lambda:path/2015-03-31/functions/arn:aws:lambda:us-west-2:118000709326:function:HelloWorldAliasPOC/invocations",
                            "kms_key_arn": "",
                            "last_modified": "2017-11-09T16:19:15.088+0000",
                            "memory_size": "128",
                            "publish": "true",
                            "qualified_arn": "arn:aws:lambda:us-west-2:118000709326:function:HelloWorldAliasPOC:3",
                            "role": "arn:aws:iam::118000709326:role/full-catLambda-role",
                            "runtime": "nodejs6.10",
                            "source_code_hash": "mfID4a63axN3BNJGYvp/ouG8nHknbkqDg02Ei7uqWio=",
                            "tags.%": "0",
                            "timeout": "10",
                            "tracing_config.#": "1",
                            "tracing_config.0.mode": "PassThrough",
                            "version": "3",
                            "vpc_config.#": "0"
                        },
                        "meta": {},
                        "tainted": false
                    },
                    "deposed": [],
                    "provider": ""
                }
            },
            "depends_on": []
        }
    ]
}
